<?xml version="1.0" encoding="utf-8"?>
<Project ToolsVersion="4.0" xmlns="http://schemas.microsoft.com/developer/msbuild/2003">
  <ItemGroup>
    <ClCompile Include="breakpoint.c" />
    <ClCompile Include="Cpu.c" />
    <ClCompile Include="dma.c" />
    <ClCompile Include="Interpreter CPU.c" />
    <ClCompile Include="Interpreter Ops.c" />
    <ClCompile Include="log.cpp" />
    <ClCompile Include="Main.cpp" />
    <ClCompile Include="memory.c" />
    <ClCompile Include="Mmx.c" />
    <ClCompile Include="Profiling.cpp" />
    <ClCompile Include="Recompiler Analysis.c" />
    <ClCompile Include="Recompiler CPU.c" />
    <ClCompile Include="Recompiler Ops.c" />
    <ClCompile Include="Recompiler Sections.c" />
    <ClCompile Include="RSP Command.c" />
    <ClCompile Include="RSP Register.c" />
    <ClCompile Include="Sse.c" />
    <ClCompile Include="X86.c" />
  </ItemGroup>
  <ItemGroup>
    <ClInclude Include="breakpoint.h" />
    <ClInclude Include="Cpu.h" />
    <ClInclude Include="dma.h" />
    <ClInclude Include="Interpreter CPU.h" />
    <ClInclude Include="Interpreter Ops.h" />
    <ClInclude Include="log.h" />
    <ClInclude Include="memory.h" />
    <ClInclude Include="OpCode.h" />
    <ClInclude Include="Profiling.h" />
    <ClInclude Include="Recompiler CPU.h" />
    <ClInclude Include="Recompiler Ops.h" />
    <ClInclude Include="resource.h" />
    <ClInclude Include="RSP Command.h" />
    <ClInclude Include="RSP Registers.h" />
    <ClInclude Include="Rsp.h" />
    <ClInclude Include="Types.h" />
    <ClInclude Include="Version.h" />
    <ClInclude Include="X86.h" />
  </ItemGroup>
  <ItemGroup>
    <ResourceCompile Include="RSP.rc" />
  </ItemGroup>
</Project>