<?xml version="1.0" encoding="utf-8"?>
<Project ToolsVersion="4.0" xmlns="http://schemas.microsoft.com/developer/msbuild/2003">
  <ItemGroup>
    <Filter Include="Resource Files">
      <UniqueIdentifier>{67DA6AB6-F800-4c08-8B7A-83BB121AAD01}</UniqueIdentifier>
      <Extensions>rc;ico;cur;bmp;dlg;rc2;rct;bin;rgs;gif;jpg;jpeg;jpe;resx;tiff;tif;png;wav</Extensions>
    </Filter>
    <Filter Include="3rd Party">
      <UniqueIdentifier>{609b09f8-142c-4090-a682-27095d71c8ab}</UniqueIdentifier>
    </Filter>
    <Filter Include="Multilanguage">
      <UniqueIdentifier>{79bf4b75-4a28-4d09-a1ff-ba8d94c3bd6a}</UniqueIdentifier>
    </Filter>
    <Filter Include="N64 System">
      <UniqueIdentifier>{b55114a3-4311-4d2b-9bd6-586bc5d7430c}</UniqueIdentifier>
    </Filter>
    <Filter Include="N64 System\Mips">
      <UniqueIdentifier>{a1b6e544-b421-41c3-9298-2d2c3680d077}</UniqueIdentifier>
    </Filter>
    <Filter Include="N64 System\Recompiler">
      <UniqueIdentifier>{0ea653e0-6dcc-4d95-87f2-a488a6012094}</UniqueIdentifier>
    </Filter>
    <Filter Include="N64 System\Recompiler\x86">
      <UniqueIdentifier>{84d10022-4b24-4ba2-bfef-f85d16dfdc09}</UniqueIdentifier>
    </Filter>
    <Filter Include="N64 System\Recompiler\Arm">
      <UniqueIdentifier>{cf6a56ff-5e83-49c8-af46-2d0eb9ff5abe}</UniqueIdentifier>
    </Filter>
    <Filter Include="N64 System\Interpreter">
      <UniqueIdentifier>{22470874-76c8-4c5b-bbf2-d054e022422a}</UniqueIdentifier>
    </Filter>
    <Filter Include="Plugins">
      <UniqueIdentifier>{ac92e812-22e1-4a1a-8dd5-5055073c882c}</UniqueIdentifier>
    </Filter>
    <Filter Include="Rom List">
      <UniqueIdentifier>{1cc42db5-377e-4882-9afa-4e6b2a3e389d}</UniqueIdentifier>
    </Filter>
    <Filter Include="Settings">
      <UniqueIdentifier>{3066447b-6324-41a3-a220-25e86d06ecb7}</UniqueIdentifier>
    </Filter>
    <Filter Include="Settings\SettingType">
      <UniqueIdentifier>{a13e8feb-8c4c-463f-8c4e-bcd9c8d8bac7}</UniqueIdentifier>
    </Filter>
    <Filter Include="3rd Party\Zlib">
      <UniqueIdentifier>{1478740a-b66b-41bd-833c-917c0cb85047}</UniqueIdentifier>
    </Filter>
  </ItemGroup>
  <ItemGroup>
    <ClCompile Include="Settings\SettingType\SettingsType-Application.cpp">
      <Filter>Settings\SettingType</Filter>
    </ClCompile>
    <ClCompile Include="Settings\SettingType\SettingsType-ApplicationIndex.cpp">
      <Filter>Settings\SettingType</Filter>
    </ClCompile>
    <ClCompile Include="Settings\SettingType\SettingsType-ApplicationPath.cpp">
      <Filter>Settings\SettingType</Filter>
    </ClCompile>
    <ClCompile Include="Settings\SettingType\SettingsType-Cheats.cpp">
      <Filter>Settings\SettingType</Filter>
    </ClCompile>
    <ClCompile Include="Settings\SettingType\SettingsType-GameSetting.cpp">
      <Filter>Settings\SettingType</Filter>
    </ClCompile>
    <ClCompile Include="Settings\SettingType\SettingsType-GameSettingIndex.cpp">
      <Filter>Settings\SettingType</Filter>
    </ClCompile>
    <ClCompile Include="Settings\SettingType\SettingsType-RDBCpuType.cpp">
      <Filter>Settings\SettingType</Filter>
    </ClCompile>
    <ClCompile Include="Settings\SettingType\SettingsType-RDBOnOff.cpp">
      <Filter>Settings\SettingType</Filter>
    </ClCompile>
    <ClCompile Include="Settings\SettingType\SettingsType-RDBRamSize.cpp">
      <Filter>Settings\SettingType</Filter>
    </ClCompile>
    <ClCompile Include="Settings\SettingType\SettingsType-RDBSaveChip.cpp">
      <Filter>Settings\SettingType</Filter>
    </ClCompile>
    <ClCompile Include="Settings\SettingType\SettingsType-RDBYesNo.cpp">
      <Filter>Settings\SettingType</Filter>
    </ClCompile>
    <ClCompile Include="Settings\SettingType\SettingsType-RelativePath.cpp">
      <Filter>Settings\SettingType</Filter>
    </ClCompile>
    <ClCompile Include="Settings\SettingType\SettingsType-RomDatabase.cpp">
      <Filter>Settings\SettingType</Filter>
    </ClCompile>
    <ClCompile Include="Settings\SettingType\SettingsType-RomDatabaseIndex.cpp">
      <Filter>Settings\SettingType</Filter>
    </ClCompile>
    <ClCompile Include="Settings\SettingType\SettingsType-RomDatabaseSetting.cpp">
      <Filter>Settings\SettingType</Filter>
    </ClCompile>
    <ClCompile Include="Settings\SettingType\SettingsType-SelectedDirectory.cpp">
      <Filter>Settings\SettingType</Filter>
    </ClCompile>
    <ClCompile Include="Settings\SettingType\SettingsType-TempBool.cpp">
      <Filter>Settings\SettingType</Filter>
    </ClCompile>
    <ClCompile Include="Settings\SettingType\SettingsType-TempNumber.cpp">
      <Filter>Settings\SettingType</Filter>
    </ClCompile>
    <ClCompile Include="Settings\SettingType\SettingsType-TempString.cpp">
      <Filter>Settings\SettingType</Filter>
    </ClCompile>
    <ClCompile Include="3rdParty\7zip.cpp">
      <Filter>3rd Party</Filter>
    </ClCompile>
    <ClCompile Include="Settings\DebugSettings.cpp">
      <Filter>Settings</Filter>
    </ClCompile>
    <ClCompile Include="Settings\GameSettings.cpp">
      <Filter>Settings</Filter>
    </ClCompile>
    <ClCompile Include="Settings\LoggingSettings.cpp">
      <Filter>Settings</Filter>
    </ClCompile>
    <ClCompile Include="Settings\N64SystemSettings.cpp">
      <Filter>Settings</Filter>
    </ClCompile>
    <ClCompile Include="Settings\RecompilerSettings.cpp">
      <Filter>Settings</Filter>
    </ClCompile>
    <ClCompile Include="Settings\SettingsClass.cpp">
      <Filter>Settings</Filter>
    </ClCompile>
    <ClCompile Include="Plugins\AudioPlugin.cpp">
      <Filter>Plugins</Filter>
    </ClCompile>
    <ClCompile Include="Plugins\ControllerPlugin.cpp">
      <Filter>Plugins</Filter>
    </ClCompile>
    <ClCompile Include="Plugins\GFXPlugin.cpp">
      <Filter>Plugins</Filter>
    </ClCompile>
    <ClCompile Include="Plugins\PluginBase.cpp">
      <Filter>Plugins</Filter>
    </ClCompile>
    <ClCompile Include="Plugins\PluginClass.cpp">
      <Filter>Plugins</Filter>
    </ClCompile>
    <ClCompile Include="Plugins\RSPPlugin.cpp">
      <Filter>Plugins</Filter>
    </ClCompile>
    <ClCompile Include="N64System\CheatClass.cpp">
      <Filter>N64 System</Filter>
    </ClCompile>
    <ClCompile Include="N64System\EmulationThread.cpp">
      <Filter>N64 System</Filter>
    </ClCompile>
    <ClCompile Include="N64System\FramePerSecondClass.cpp">
      <Filter>N64 System</Filter>
    </ClCompile>
    <ClCompile Include="N64System\N64Class.cpp">
      <Filter>N64 System</Filter>
    </ClCompile>
    <ClCompile Include="N64System\N64RomClass.cpp">
      <Filter>N64 System</Filter>
    </ClCompile>
    <ClCompile Include="N64System\ProfilingClass.cpp">
      <Filter>N64 System</Filter>
    </ClCompile>
    <ClCompile Include="N64System\SpeedLimiterClass.cpp">
      <Filter>N64 System</Filter>
    </ClCompile>
    <ClCompile Include="N64System\SystemGlobals.cpp">
      <Filter>N64 System</Filter>
    </ClCompile>
    <ClCompile Include="N64System\Recompiler\CodeBlock.cpp">
      <Filter>N64 System\Recompiler</Filter>
    </ClCompile>
    <ClCompile Include="N64System\Recompiler\CodeSection.cpp">
      <Filter>N64 System\Recompiler</Filter>
    </ClCompile>
    <ClCompile Include="N64System\Recompiler\FunctionInfo.cpp">
      <Filter>N64 System\Recompiler</Filter>
    </ClCompile>
    <ClCompile Include="N64System\Recompiler\FunctionMapClass.cpp">
      <Filter>N64 System\Recompiler</Filter>
    </ClCompile>
    <ClCompile Include="N64System\Recompiler\LoopAnalysis.cpp">
      <Filter>N64 System\Recompiler</Filter>
    </ClCompile>
    <ClCompile Include="N64System\Recompiler\RecompilerClass.cpp">
      <Filter>N64 System\Recompiler</Filter>
    </ClCompile>
    <ClCompile Include="N64System\Recompiler\RecompilerMemory.cpp">
      <Filter>N64 System\Recompiler</Filter>
    </ClCompile>
    <ClCompile Include="N64System\Recompiler\SectionInfo.cpp">
      <Filter>N64 System\Recompiler</Filter>
    </ClCompile>
    <ClCompile Include="N64System\Mips\Audio.cpp">
      <Filter>N64 System\Mips</Filter>
    </ClCompile>
    <ClCompile Include="N64System\Mips\Dma.cpp">
      <Filter>N64 System\Mips</Filter>
    </ClCompile>
    <ClCompile Include="N64System\Mips\Eeprom.cpp">
      <Filter>N64 System\Mips</Filter>
    </ClCompile>
    <ClCompile Include="N64System\Mips\FlashRam.cpp">
      <Filter>N64 System\Mips</Filter>
    </ClCompile>
    <ClCompile Include="N64System\Mips\MemoryVirtualMem.cpp">
      <Filter>N64 System\Mips</Filter>
    </ClCompile>
    <ClCompile Include="N64System\Mips\Mempak.cpp">
      <Filter>N64 System\Mips</Filter>
    </ClCompile>
    <ClCompile Include="N64System\Mips\OpcodeName.cpp">
      <Filter>N64 System\Mips</Filter>
    </ClCompile>
    <ClCompile Include="N64System\Mips\PifRam.cpp">
      <Filter>N64 System\Mips</Filter>
    </ClCompile>
    <ClCompile Include="N64System\Mips\RegisterClass.cpp">
      <Filter>N64 System\Mips</Filter>
    </ClCompile>
    <ClCompile Include="N64System\Mips\Rumblepak.cpp">
      <Filter>N64 System\Mips</Filter>
    </ClCompile>
    <ClCompile Include="N64System\Mips\Sram.cpp">
      <Filter>N64 System\Mips</Filter>
    </ClCompile>
    <ClCompile Include="N64System\Mips\SystemEvents.cpp">
      <Filter>N64 System\Mips</Filter>
    </ClCompile>
    <ClCompile Include="N64System\Mips\SystemTiming.cpp">
      <Filter>N64 System\Mips</Filter>
    </ClCompile>
    <ClCompile Include="N64System\Mips\TLBclass.cpp">
      <Filter>N64 System\Mips</Filter>
    </ClCompile>
    <ClCompile Include="N64System\Interpreter\InterpreterCPU.cpp">
      <Filter>N64 System\Interpreter</Filter>
    </ClCompile>
    <ClCompile Include="N64System\Interpreter\InterpreterOps.cpp">
      <Filter>N64 System\Interpreter</Filter>
    </ClCompile>
    <ClCompile Include="N64System\Interpreter\InterpreterOps32.cpp">
      <Filter>N64 System\Interpreter</Filter>
    </ClCompile>
    <ClCompile Include="Multilanguage\LanguageClass.cpp">
      <Filter>Multilanguage</Filter>
    </ClCompile>
    <ClCompile Include="N64System\Mips\Disk.cpp">
      <Filter>N64 System\Mips</Filter>
    </ClCompile>
    <ClCompile Include="N64System\N64DiskClass.cpp">
      <Filter>N64 System</Filter>
    </ClCompile>
    <ClCompile Include="N64System\Mips\GBCart.cpp">
      <Filter>N64 System\Mips</Filter>
    </ClCompile>
    <ClCompile Include="N64System\Mips\Transferpak.cpp">
      <Filter>N64 System\Mips</Filter>
    </ClCompile>
    <ClCompile Include="RomList\RomList.cpp">
      <Filter>Rom List</Filter>
    </ClCompile>
    <ClCompile Include="N64System\Recompiler\RecompilerCodeLog.cpp">
      <Filter>N64 System\Recompiler</Filter>
    </ClCompile>
    <ClCompile Include="N64System\Recompiler\x86\x86RecompilerOps.cpp">
      <Filter>N64 System\Recompiler\x86</Filter>
    </ClCompile>
    <ClCompile Include="N64System\Recompiler\x86\x86ops.cpp">
      <Filter>N64 System\Recompiler\x86</Filter>
    </ClCompile>
    <ClCompile Include="N64System\Recompiler\x86\x86RegInfo.cpp">
      <Filter>N64 System\Recompiler\x86</Filter>
    </ClCompile>
    <ClCompile Include="N64System\Recompiler\RegBase.cpp">
      <Filter>N64 System\Recompiler</Filter>
    </ClCompile>
    <ClCompile Include="N64System\Recompiler\Arm\ArmOps.cpp">
      <Filter>N64 System\Recompiler\Arm</Filter>
    </ClCompile>
    <ClCompile Include="N64System\Recompiler\Arm\ArmRecompilerOps.cpp">
      <Filter>N64 System\Recompiler\Arm</Filter>
    </ClCompile>
    <ClCompile Include="N64System\Recompiler\Arm\ArmRegInfo.cpp">
      <Filter>N64 System\Recompiler\Arm</Filter>
    </ClCompile>
    <ClCompile Include="AppInit.cpp" />
    <ClCompile Include="Logging.cpp" />
    <ClCompile Include="MemoryExceptionFilter.cpp" />
    <ClCompile Include="stdafx.cpp" />
  </ItemGroup>
  <ItemGroup>
    <ClInclude Include="..\3rdParty\zlib\zconf.h">
      <Filter>3rd Party\Zlib</Filter>
    </ClInclude>
    <ClInclude Include="..\3rdParty\zlib\zlib.h">
      <Filter>3rd Party\Zlib</Filter>
    </ClInclude>
    <ClInclude Include="..\3rdParty\zlib\contrib\minizip\unzip.h">
      <Filter>3rd Party\Zlib</Filter>
    </ClInclude>
    <ClInclude Include="..\3rdParty\zlib\contrib\minizip\zip.h">
      <Filter>3rd Party\Zlib</Filter>
    </ClInclude>
    <ClInclude Include="N64System\Recompiler\x64-86\x64RegInfo.h" />
    <ClInclude Include="AppInit.h" />
    <ClInclude Include="ExceptionHandler.h" />
    <ClInclude Include="Logging.h" />
    <ClInclude Include="Multilanguage.h" />
    <ClInclude Include="Notification.h" />
    <ClInclude Include="Plugin.h" />
    <ClInclude Include="N64System\Recompiler\RegBase.h" />
    <ClInclude Include="N64System\SpeedLimiterClass.h" />
    <ClInclude Include="stdafx.h" />
    <ClInclude Include="TraceModulesProject64.h" />
    <ClInclude Include="Version.h" />
    <ClInclude Include="3rdParty\7zip.h">
      <Filter>3rd Party</Filter>
    </ClInclude>
    <ClInclude Include="3rdParty\zip.h">
      <Filter>3rd Party</Filter>
    </ClInclude>
    <ClInclude Include="Multilanguage\LanguageClass.h">
      <Filter>Multilanguage</Filter>
    </ClInclude>
    <ClInclude Include="N64System\CheatClass.h">
      <Filter>N64 System</Filter>
    </ClInclude>
    <ClInclude Include="N64System\FramePerSecondClass.h">
      <Filter>N64 System</Filter>
    </ClInclude>
    <ClInclude Include="N64System\N64Class.h">
      <Filter>N64 System</Filter>
    </ClInclude>
    <ClInclude Include="N64System\N64DiskClass.h">
      <Filter>N64 System</Filter>
    </ClInclude>
    <ClInclude Include="N64System\N64RomClass.h">
      <Filter>N64 System</Filter>
    </ClInclude>
    <ClInclude Include="N64System\N64Types.h">
      <Filter>N64 System</Filter>
    </ClInclude>
    <ClInclude Include="N64System\ProfilingClass.h">
      <Filter>N64 System</Filter>
    </ClInclude>
    <ClInclude Include="N64System\SystemGlobals.h">
      <Filter>N64 System</Filter>
    </ClInclude>
    <ClInclude Include="N64System\Interpreter\InterpreterCPU.h">
      <Filter>N64 System\Interpreter</Filter>
    </ClInclude>
    <ClInclude Include="N64System\Interpreter\InterpreterOps.h">
      <Filter>N64 System\Interpreter</Filter>
    </ClInclude>
    <ClInclude Include="N64System\Interpreter\InterpreterOps32.h">
      <Filter>N64 System\Interpreter</Filter>
    </ClInclude>
    <ClInclude Include="N64System\Mips\TranslateVaddr.h">
      <Filter>N64 System\Mips</Filter>
    </ClInclude>
    <ClInclude Include="N64System\Mips\Audio.h">
      <Filter>N64 System\Mips</Filter>
    </ClInclude>
    <ClInclude Include="N64System\Mips\Disk.h">
      <Filter>N64 System\Mips</Filter>
    </ClInclude>
    <ClInclude Include="N64System\Mips\Dma.h">
      <Filter>N64 System\Mips</Filter>
    </ClInclude>
    <ClInclude Include="N64System\Mips\Eeprom.h">
      <Filter>N64 System\Mips</Filter>
    </ClInclude>
    <ClInclude Include="N64System\Mips\FlashRam.h">
      <Filter>N64 System\Mips</Filter>
    </ClInclude>
    <ClInclude Include="N64System\Mips\GBCart.h">
      <Filter>N64 System\Mips</Filter>
    </ClInclude>
    <ClInclude Include="N64System\Mips\MemoryVirtualMem.h">
      <Filter>N64 System\Mips</Filter>
    </ClInclude>
    <ClInclude Include="N64System\Mips\Mempak.h">
      <Filter>N64 System\Mips</Filter>
    </ClInclude>
    <ClInclude Include="N64System\Mips\OpCode.h">
      <Filter>N64 System\Mips</Filter>
    </ClInclude>
    <ClInclude Include="N64System\Mips\OpcodeName.h">
      <Filter>N64 System\Mips</Filter>
    </ClInclude>
    <ClInclude Include="N64System\Mips\PifRam.h">
      <Filter>N64 System\Mips</Filter>
    </ClInclude>
    <ClInclude Include="N64System\Mips\RegisterClass.h">
      <Filter>N64 System\Mips</Filter>
    </ClInclude>
    <ClInclude Include="N64System\Mips\Rumblepak.h">
      <Filter>N64 System\Mips</Filter>
    </ClInclude>
    <ClInclude Include="N64System\Mips\Sram.h">
      <Filter>N64 System\Mips</Filter>
    </ClInclude>
    <ClInclude Include="N64System\Mips\SystemEvents.h">
      <Filter>N64 System\Mips</Filter>
    </ClInclude>
    <ClInclude Include="N64System\Mips\SystemTiming.h">
      <Filter>N64 System\Mips</Filter>
    </ClInclude>
    <ClInclude Include="N64System\Mips\TLBClass.h">
      <Filter>N64 System\Mips</Filter>
    </ClInclude>
    <ClInclude Include="N64System\Mips\Transferpak.h">
      <Filter>N64 System\Mips</Filter>
    </ClInclude>
    <ClInclude Include="N64System\Recompiler\SectionInfo.h">
      <Filter>N64 System\Recompiler</Filter>
    </ClInclude>
    <ClInclude Include="N64System\Recompiler\CodeBlock.h">
      <Filter>N64 System\Recompiler</Filter>
    </ClInclude>
    <ClInclude Include="N64System\Recompiler\CodeSection.h">
      <Filter>N64 System\Recompiler</Filter>
    </ClInclude>
    <ClInclude Include="N64System\Recompiler\ExitInfo.h">
      <Filter>N64 System\Recompiler</Filter>
    </ClInclude>
    <ClInclude Include="N64System\Recompiler\FunctionInfo.h">
      <Filter>N64 System\Recompiler</Filter>
    </ClInclude>
    <ClInclude Include="N64System\Recompiler\FunctionMapClass.h">
      <Filter>N64 System\Recompiler</Filter>
    </ClInclude>
    <ClInclude Include="N64System\Recompiler\JumpInfo.h">
      <Filter>N64 System\Recompiler</Filter>
    </ClInclude>
    <ClInclude Include="N64System\Recompiler\LoopAnalysis.h">
      <Filter>N64 System\Recompiler</Filter>
    </ClInclude>
    <ClInclude Include="N64System\Recompiler\RecompilerClass.h">
      <Filter>N64 System\Recompiler</Filter>
    </ClInclude>
    <ClInclude Include="N64System\Recompiler\RecompilerCodeLog.h">
      <Filter>N64 System\Recompiler</Filter>
    </ClInclude>
    <ClInclude Include="N64System\Recompiler\RecompilerMemory.h">
      <Filter>N64 System\Recompiler</Filter>
    </ClInclude>
    <ClInclude Include="N64System\Recompiler\RecompilerOps.h">
      <Filter>N64 System\Recompiler</Filter>
    </ClInclude>
    <ClInclude Include="N64System\Recompiler\RegInfo.h">
      <Filter>N64 System\Recompiler</Filter>
    </ClInclude>
    <ClInclude Include="N64System\Recompiler\Arm\ArmOpCode.h">
      <Filter>N64 System\Recompiler\Arm</Filter>
    </ClInclude>
    <ClInclude Include="N64System\Recompiler\Arm\ArmOps.h">
      <Filter>N64 System\Recompiler\Arm</Filter>
    </ClInclude>
    <ClInclude Include="N64System\Recompiler\Arm\ArmRecompilerOps.h">
      <Filter>N64 System\Recompiler\Arm</Filter>
    </ClInclude>
    <ClInclude Include="N64System\Recompiler\Arm\ArmRegInfo.h">
      <Filter>N64 System\Recompiler\Arm</Filter>
    </ClInclude>
    <ClInclude Include="N64System\Recompiler\x86\x86ops.h">
      <Filter>N64 System\Recompiler\x86</Filter>
    </ClInclude>
    <ClInclude Include="N64System\Recompiler\x86\x86RecompilerOps.h">
      <Filter>N64 System\Recompiler\x86</Filter>
    </ClInclude>
    <ClInclude Include="N64System\Recompiler\x86\x86RegInfo.h">
      <Filter>N64 System\Recompiler\x86</Filter>
    </ClInclude>
    <ClInclude Include="Plugins\AudioPlugin.h">
      <Filter>Plugins</Filter>
    </ClInclude>
    <ClInclude Include="Plugins\ControllerPlugin.h">
      <Filter>Plugins</Filter>
    </ClInclude>
    <ClInclude Include="Plugins\GFXPlugin.h">
      <Filter>Plugins</Filter>
    </ClInclude>
    <ClInclude Include="Plugins\PluginBase.h">
      <Filter>Plugins</Filter>
    </ClInclude>
    <ClInclude Include="Plugins\PluginClass.h">
      <Filter>Plugins</Filter>
    </ClInclude>
    <ClInclude Include="Plugins\RSPPlugin.h">
      <Filter>Plugins</Filter>
    </ClInclude>
    <ClInclude Include="Settings\DebugSettings.h">
      <Filter>Settings</Filter>
    </ClInclude>
    <ClInclude Include="Settings\GameSettings.h">
      <Filter>Settings</Filter>
    </ClInclude>
    <ClInclude Include="Settings\LoggingSettings.h">
      <Filter>Settings</Filter>
    </ClInclude>
    <ClInclude Include="Settings\N64SystemSettings.h">
      <Filter>Settings</Filter>
    </ClInclude>
    <ClInclude Include="Settings\RecompilerSettings.h">
      <Filter>Settings</Filter>
    </ClInclude>
    <ClInclude Include="Settings\Settings.h">
      <Filter>Settings</Filter>
    </ClInclude>
    <ClInclude Include="Settings\SettingsClass.h">
      <Filter>Settings</Filter>
    </ClInclude>
    <ClInclude Include="Settings\SettingType\SettingsType-Application.h">
      <Filter>Settings\SettingType</Filter>
    </ClInclude>
    <ClInclude Include="Settings\SettingType\SettingsType-ApplicationIndex.h">
      <Filter>Settings\SettingType</Filter>
    </ClInclude>
    <ClInclude Include="Settings\SettingType\SettingsType-ApplicationPath.h">
      <Filter>Settings\SettingType</Filter>
    </ClInclude>
    <ClInclude Include="Settings\SettingType\SettingsType-Base.h">
      <Filter>Settings\SettingType</Filter>
    </ClInclude>
    <ClInclude Include="Settings\SettingType\SettingsType-Cheats.h">
      <Filter>Settings\SettingType</Filter>
    </ClInclude>
    <ClInclude Include="Settings\SettingType\SettingsType-GameSetting.h">
      <Filter>Settings\SettingType</Filter>
    </ClInclude>
    <ClInclude Include="Settings\SettingType\SettingsType-GameSettingIndex.h">
      <Filter>Settings\SettingType</Filter>
    </ClInclude>
    <ClInclude Include="Settings\SettingType\SettingsType-RDBCpuType.h">
      <Filter>Settings\SettingType</Filter>
    </ClInclude>
    <ClInclude Include="Settings\SettingType\SettingsType-RDBOnOff.h">
      <Filter>Settings\SettingType</Filter>
    </ClInclude>
    <ClInclude Include="Settings\SettingType\SettingsType-RDBRamSize.h">
      <Filter>Settings\SettingType</Filter>
    </ClInclude>
    <ClInclude Include="Settings\SettingType\SettingsType-RDBSaveChip.h">
      <Filter>Settings\SettingType</Filter>
    </ClInclude>
    <ClInclude Include="Settings\SettingType\SettingsType-RDBYesNo.h">
      <Filter>Settings\SettingType</Filter>
    </ClInclude>
    <ClInclude Include="Settings\SettingType\SettingsType-RelativePath.h">
      <Filter>Settings\SettingType</Filter>
    </ClInclude>
    <ClInclude Include="Settings\SettingType\SettingsType-RomDatabase.h">
      <Filter>Settings\SettingType</Filter>
    </ClInclude>
    <ClInclude Include="Settings\SettingType\SettingsType-RomDatabaseIndex.h">
      <Filter>Settings\SettingType</Filter>
    </ClInclude>
    <ClInclude Include="Settings\SettingType\SettingsType-RomDatabaseSetting.h">
      <Filter>Settings\SettingType</Filter>
    </ClInclude>
    <ClInclude Include="Settings\SettingType\SettingsType-RomSetting.h">
      <Filter>Settings\SettingType</Filter>
    </ClInclude>
    <ClInclude Include="Settings\SettingType\SettingsType-SelectedDirectory.h">
      <Filter>Settings\SettingType</Filter>
    </ClInclude>
    <ClInclude Include="Settings\SettingType\SettingsType-TempBool.h">
      <Filter>Settings\SettingType</Filter>
    </ClInclude>
    <ClInclude Include="Settings\SettingType\SettingsType-TempNumber.h">
      <Filter>Settings\SettingType</Filter>
    </ClInclude>
    <ClInclude Include="Settings\SettingType\SettingsType-TempString.h">
      <Filter>Settings\SettingType</Filter>
    </ClInclude>
    <ClInclude Include="RomList\RomList.h">
      <Filter>Rom List</Filter>
    </ClInclude>
  </ItemGroup>
</Project>